// !$*UTF8*$!
{
	archiveVersion = 1;
	classes = {
	};
	objectVersion = 48;
	objects = {

/* Begin PBXBuildFile section */
		8877D5D01F51275900B816BE /* ProductCell.swift in Sources */ = {isa = PBXBuildFile; fileRef = 8877D5CF1F51275900B816BE /* ProductCell.swift */; };
		8877D5D21F51293800B816BE /* Products.swift in Sources */ = {isa = PBXBuildFile; fileRef = 8877D5D11F51293800B816BE /* Products.swift */; };
		88CA14D31F4D130C005BBAD0 /* AppDelegate.swift in Sources */ = {isa = PBXBuildFile; fileRef = 88CA14D21F4D130C005BBAD0 /* AppDelegate.swift */; };
		88CA14D51F4D130C005BBAD0 /* CatergoriesVC.swift in Sources */ = {isa = PBXBuildFile; fileRef = 88CA14D41F4D130C005BBAD0 /* CatergoriesVC.swift */; };
		88CA14D81F4D130C005BBAD0 /* Main.storyboard in Resources */ = {isa = PBXBuildFile; fileRef = 88CA14D61F4D130C005BBAD0 /* Main.storyboard */; };
		88CA14DA1F4D130C005BBAD0 /* Assets.xcassets in Resources */ = {isa = PBXBuildFile; fileRef = 88CA14D91F4D130C005BBAD0 /* Assets.xcassets */; };
		88CA14DD1F4D130C005BBAD0 /* LaunchScreen.storyboard in Resources */ = {isa = PBXBuildFile; fileRef = 88CA14DB1F4D130C005BBAD0 /* LaunchScreen.storyboard */; };
		88CA14E81F4FB9B5005BBAD0 /* CategoryCell.swift in Sources */ = {isa = PBXBuildFile; fileRef = 88CA14E71F4FB9B5005BBAD0 /* CategoryCell.swift */; };
		88CA14EA1F4FBDE0005BBAD0 /* Category.swift in Sources */ = {isa = PBXBuildFile; fileRef = 88CA14E91F4FBDE0005BBAD0 /* Category.swift */; };
		88CA14ED1F4FBFD1005BBAD0 /* DataService.swift in Sources */ = {isa = PBXBuildFile; fileRef = 88CA14EC1F4FBFD1005BBAD0 /* DataService.swift */; };
/* End PBXBuildFile section */

/* Begin PBXFileReference section */
		8877D5CF1F51275900B816BE /* ProductCell.swift */ = {isa = PBXFileReference; lastKnownFileType = sourcecode.swift; path = ProductCell.swift; sourceTree = "<group>"; };
		8877D5D11F51293800B816BE /* Products.swift */ = {isa = PBXFileReference; lastKnownFileType = sourcecode.swift; path = Products.swift; sourceTree = "<group>"; };
		88CA14CF1F4D130C005BBAD0 /* Code-Swag.app */ = {isa = PBXFileReference; explicitFileType = wrapper.application; includeInIndex = 0; path = "Code-Swag.app"; sourceTree = BUILT_PRODUCTS_DIR; };
		88CA14D21F4D130C005BBAD0 /* AppDelegate.swift */ = {isa = PBXFileReference; lastKnownFileType = sourcecode.swift; path = AppDelegate.swift; sourceTree = "<group>"; };
		88CA14D41F4D130C005BBAD0 /* CatergoriesVC.swift */ = {isa = PBXFileReference; lastKnownFileType = sourcecode.swift; path = CatergoriesVC.swift; sourceTree = "<group>"; };
		88CA14D71F4D130C005BBAD0 /* Base */ = {isa = PBXFileReference; lastKnownFileType = file.storyboard; name = Base; path = Base.lproj/Main.storyboard; sourceTree = "<group>"; };
		88CA14D91F4D130C005BBAD0 /* Assets.xcassets */ = {isa = PBXFileReference; lastKnownFileType = folder.assetcatalog; path = Assets.xcassets; sourceTree = "<group>"; };
		88CA14DC1F4D130C005BBAD0 /* Base */ = {isa = PBXFileReference; lastKnownFileType = file.storyboard; name = Base; path = Base.lproj/LaunchScreen.storyboard; sourceTree = "<group>"; };
		88CA14DE1F4D130C005BBAD0 /* Info.plist */ = {isa = PBXFileReference; lastKnownFileType = text.plist.xml; path = Info.plist; sourceTree = "<group>"; };
		88CA14E71F4FB9B5005BBAD0 /* CategoryCell.swift */ = {isa = PBXFileReference; lastKnownFileType = sourcecode.swift; path = CategoryCell.swift; sourceTree = "<group>"; };
		88CA14E91F4FBDE0005BBAD0 /* Category.swift */ = {isa = PBXFileReference; lastKnownFileType = sourcecode.swift; path = Category.swift; sourceTree = "<group>"; };
		88CA14EC1F4FBFD1005BBAD0 /* DataService.swift */ = {isa = PBXFileReference; lastKnownFileType = sourcecode.swift; path = DataService.swift; sourceTree = "<group>"; };
/* End PBXFileReference section */

/* Begin PBXFrameworksBuildPhase section */
		88CA14CC1F4D130C005BBAD0 /* Frameworks */ = {
			isa = PBXFrameworksBuildPhase;
			buildActionMask = 2147483647;
			files = (
			);
			runOnlyForDeploymentPostprocessing = 0;
		};
/* End PBXFrameworksBuildPhase section */

/* Begin PBXGroup section */
		88CA14C61F4D130C005BBAD0 = {
			isa = PBXGroup;
			children = (
				88CA14D11F4D130C005BBAD0 /* Code-Swag */,
				88CA14D01F4D130C005BBAD0 /* Products */,
			);
			sourceTree = "<group>";
		};
		88CA14D01F4D130C005BBAD0 /* Products */ = {
			isa = PBXGroup;
			children = (
				88CA14CF1F4D130C005BBAD0 /* Code-Swag.app */,
			);
			name = Products;
			sourceTree = "<group>";
		};
		88CA14D11F4D130C005BBAD0 /* Code-Swag */ = {
			isa = PBXGroup;
			children = (
				88CA14EB1F4FBF9B005BBAD0 /* Services */,
				88CA14E61F4D17F1005BBAD0 /* Model */,
				88CA14E51F4D17E8005BBAD0 /* Controller */,
				88CA14E41F4D17DD005BBAD0 /* View */,
				88CA14D21F4D130C005BBAD0 /* AppDelegate.swift */,
				88CA14D61F4D130C005BBAD0 /* Main.storyboard */,
				88CA14D91F4D130C005BBAD0 /* Assets.xcassets */,
				88CA14DB1F4D130C005BBAD0 /* LaunchScreen.storyboard */,
				88CA14DE1F4D130C005BBAD0 /* Info.plist */,
			);
			path = "Code-Swag";
			sourceTree = "<group>";
		};
		88CA14E41F4D17DD005BBAD0 /* View */ = {
			isa = PBXGroup;
			children = (
				88CA14E71F4FB9B5005BBAD0 /* CategoryCell.swift */,
				8877D5CF1F51275900B816BE /* ProductCell.swift */,
			);
			path = View;
			sourceTree = "<group>";
		};
		88CA14E51F4D17E8005BBAD0 /* Controller */ = {
			isa = PBXGroup;
			children = (
				88CA14D41F4D130C005BBAD0 /* CatergoriesVC.swift */,
			);
			path = Controller;
			sourceTree = "<group>";
		};
		88CA14E61F4D17F1005BBAD0 /* Model */ = {
			isa = PBXGroup;
			children = (
				88CA14E91F4FBDE0005BBAD0 /* Category.swift */,
				8877D5D11F51293800B816BE /* Products.swift */,
			);
			path = Model;
			sourceTree = "<group>";
		};
		88CA14EB1F4FBF9B005BBAD0 /* Services */ = {
			isa = PBXGroup;
			children = (
				88CA14EC1F4FBFD1005BBAD0 /* DataService.swift */,
			);
			path = Services;
			sourceTree = "<group>";
		};
/* End PBXGroup section */

/* Begin PBXNativeTarget section */
		88CA14CE1F4D130C005BBAD0 /* Code-Swag */ = {
			isa = PBXNativeTarget;
			buildConfigurationList = 88CA14E11F4D130C005BBAD0 /* Build configuration list for PBXNativeTarget "Code-Swag" */;
			buildPhases = (
				88CA14CB1F4D130C005BBAD0 /* Sources */,
				88CA14CC1F4D130C005BBAD0 /* Frameworks */,
				88CA14CD1F4D130C005BBAD0 /* Resources */,
			);
			buildRules = (
			);
			dependencies = (
			);
			name = "Code-Swag";
			productName = "Code-Swag";
			productReference = 88CA14CF1F4D130C005BBAD0 /* Code-Swag.app */;
			productType = "com.apple.product-type.application";
		};
/* End PBXNativeTarget section */

/* Begin PBXProject section */
		88CA14C71F4D130C005BBAD0 /* Project object */ = {
			isa = PBXProject;
			attributes = {
				LastSwiftUpdateCheck = 0900;
				LastUpgradeCheck = 0900;
				ORGANIZATIONNAME = "David Ortiz";
				TargetAttributes = {
					88CA14CE1F4D130C005BBAD0 = {
						CreatedOnToolsVersion = 9.0;
					};
				};
			};
			buildConfigurationList = 88CA14CA1F4D130C005BBAD0 /* Build configuration list for PBXProject "Code-Swag" */;
			compatibilityVersion = "Xcode 8.0";
			developmentRegion = en;
			hasScannedForEncodings = 0;
			knownRegions = (
				en,
				Base,
			);
			mainGroup = 88CA14C61F4D130C005BBAD0;
			productRefGroup = 88CA14D01F4D130C005BBAD0 /* Products */;
			projectDirPath = "";
			projectRoot = "";
			targets = (
				88CA14CE1F4D130C005BBAD0 /* Code-Swag */,
			);
		};
/* End PBXProject section */

/* Begin PBXResourcesBuildPhase section */
		88CA14CD1F4D130C005BBAD0 /* Resources */ = {
			isa = PBXResourcesBuildPhase;
			buildActionMask = 2147483647;
			files = (
				88CA14DD1F4D130C005BBAD0 /* LaunchScreen.storyboard in Resources */,
				88CA14DA1F4D130C005BBAD0 /* Assets.xcassets in Resources */,
				88CA14D81F4D130C005BBAD0 /* Main.storyboard in Resources */,
			);
			runOnlyForDeploymentPostprocessing = 0;
		};
/* End PBXResourcesBuildPhase section */

/* Begin PBXSourcesBuildPhase section */
		88CA14CB1F4D130C005BBAD0 /* Sources */ = {
			isa = PBXSourcesBuildPhase;
			buildActionMask = 2147483647;
			files = (
				88CA14D51F4D130C005BBAD0 /* CatergoriesVC.swift in Sources */,
				88CA14D31F4D130C005BBAD0 /* AppDelegate.swift in Sources */,
				88CA14E81F4FB9B5005BBAD0 /* CategoryCell.swift in Sources */,
				8877D5D21F51293800B816BE /* Products.swift in Sources */,
				8877D5D01F51275900B816BE /* ProductCell.swift in Sources */,
				88CA14EA1F4FBDE0005BBAD0 /* Category.swift in Sources */,
				88CA14ED1F4FBFD1005BBAD0 /* DataService.swift in Sources */,
			);
			runOnlyForDeploymentPostprocessing = 0;
		};
/* End PBXSourcesBuildPhase section */

/* Begin PBXVariantGroup section */
		88CA14D61F4D130C005BBAD0 /* Main.storyboard */ = {
			isa = PBXVariantGroup;
			children = (
				88CA14D71F4D130C005BBAD0 /* Base */,
			);
			name = Main.storyboard;
			sourceTree = "<group>";
		};
		88CA14DB1F4D130C005BBAD0 /* LaunchScreen.storyboard */ = {
			isa = PBXVariantGroup;
			children = (
				88CA14DC1F4D130C005BBAD0 /* Base */,
			);
			name = LaunchScreen.storyboard;
			sourceTree = "<group>";
		};
/* End PBXVariantGroup section */

/* Begin XCBuildConfiguration section */
		88CA14DF1F4D130C005BBAD0 /* Debug */ = {
			isa = XCBuildConfiguration;
			buildSettings = {
				ALWAYS_SEARCH_USER_PATHS = NO;
				CLANG_ANALYZER_NONNULL = YES;
				CLANG_ANALYZER_NUMBER_OBJECT_CONVERSION = YES_AGGRESSIVE;
				CLANG_CXX_LANGUAGE_STANDARD = "gnu++14";
				CLANG_CXX_LIBRARY = "libc++";
				CLANG_ENABLE_MODULES = YES;
				CLANG_ENABLE_OBJC_ARC = YES;
				CLANG_WARN_BLOCK_CAPTURE_AUTORELEASING = YES;
				CLANG_WARN_BOOL_CONVERSION = YES;
				CLANG_WARN_COMMA = YES;
				CLANG_WARN_CONSTANT_CONVERSION = YES;
				CLANG_WARN_DIRECT_OBJC_ISA_USAGE = YES_ERROR;
				CLANG_WARN_DOCUMENTATION_COMMENTS = YES;
				CLANG_WARN_EMPTY_BODY = YES;
				CLANG_WARN_ENUM_CONVERSION = YES;
				CLANG_WARN_INFINITE_RECURSION = YES;
				CLANG_WARN_INT_CONVERSION = YES;
				CLANG_WARN_NON_LITERAL_NULL_CONVERSION = YES;
				CLANG_WARN_OBJC_LITERAL_CONVERSION = YES;
				CLANG_WARN_OBJC_ROOT_CLASS = YES_ERROR;
				CLANG_WARN_RANGE_LOOP_ANALYSIS = YES;
				CLANG_WARN_STRICT_PROTOTYPES = YES;
				CLANG_WARN_SUSPICIOUS_MOVE = YES;
				CLANG_WARN_UNGUARDED_AVAILABILITY = YES_AGGRESSIVE;
				CLANG_WARN_UNREACHABLE_CODE = YES;
				CLANG_WARN__DUPLICATE_METHOD_MATCH = YES;
				CODE_SIGN_IDENTITY = "iPhone Developer";
				COPY_PHASE_STRIP = NO;
				DEBUG_INFORMATION_FORMAT = dwarf;
				ENABLE_STRICT_OBJC_MSGSEND = YES;
				ENABLE_TESTABILITY = YES;
				GCC_C_LANGUAGE_STANDARD = gnu11;
				GCC_DYNAMIC_NO_PIC = NO;
				GCC_NO_COMMON_BLOCKS = YES;
				GCC_OPTIMIZATION_LEVEL = 0;
				GCC_PREPROCESSOR_DEFINITIONS = (
					"DEBUG=1",
					"$(inherited)",
				);
				GCC_WARN_64_TO_32_BIT_CONVERSION = YES;
				GCC_WARN_ABOUT_RETURN_TYPE = YES_ERROR;
				GCC_WARN_UNDECLARED_SELECTOR = YES;
				GCC_WARN_UNINITIALIZED_AUTOS = YES_AGGRESSIVE;
				GCC_WARN_UNUSED_FUNCTION = YES;
				GCC_WARN_UNUSED_VARIABLE = YES;
				IPHONEOS_DEPLOYMENT_TARGET = 11.0;
				MTL_ENABLE_DEBUG_INFO = YES;
				ONLY_ACTIVE_ARCH = YES;
				SDKROOT = iphoneos;
				SWIFT_ACTIVE_COMPILATION_CONDITIONS = DEBUG;
				SWIFT_OPTIMIZATION_LEVEL = "-Onone";
			};
			name = Debug;
		};
		88CA14E01F4D130C005BBAD0 /* Release */ = {
			isa = XCBuildConfiguration;
			buildSettings = {
				ALWAYS_SEARCH_USER_PATHS = NO;
				CLANG_ANALYZER_NONNULL = YES;
				CLANG_ANALYZER_NUMBER_OBJECT_CONVERSION = YES_AGGRESSIVE;
				CLANG_CXX_LANGUAGE_STANDARD = "gnu++14";
				CLANG_CXX_LIBRARY = "libc++";
				CLANG_ENABLE_MODULES = YES;
				CLANG_ENABLE_OBJC_ARC = YES;
				CLANG_WARN_BLOCK_CAPTURE_AUTORELEASING = YES;
				CLANG_WARN_BOOL_CONVERSION = YES;
				CLANG_WARN_COMMA = YES;
				CLANG_WARN_CONSTANT_CONVERSION = YES;
				CLANG_WARN_DIRECT_OBJC_ISA_USAGE = YES_ERROR;
				CLANG_WARN_DOCUMENTATION_COMMENTS = YES;
				CLANG_WARN_EMPTY_BODY = YES;
				CLANG_WARN_ENUM_CONVERSION = YES;
				CLANG_WARN_INFINITE_RECURSION = YES;
				CLANG_WARN_INT_CONVERSION = YES;
				CLANG_WARN_NON_LITERAL_NULL_CONVERSION = YES;
				CLANG_WARN_OBJC_LITERAL_CONVERSION = YES;
				CLANG_WARN_OBJC_ROOT_CLASS = YES_ERROR;
				CLANG_WARN_RANGE_LOOP_ANALYSIS = YES;
				CLANG_WARN_STRICT_PROTOTYPES = YES;
				CLANG_WARN_SUSPICIOUS_MOVE = YES;
				CLANG_WARN_UNGUARDED_AVAILABILITY = YES_AGGRESSIVE;
				CLANG_WARN_UNREACHABLE_CODE = YES;
				CLANG_WARN__DUPLICATE_METHOD_MATCH = YES;
				CODE_SIGN_IDENTITY = "iPhone Developer";
				COPY_PHASE_STRIP = NO;
				DEBUG_INFORMATION_FORMAT = "dwarf-with-dsym";
				ENABLE_NS_ASSERTIONS = NO;
				ENABLE_STRICT_OBJC_MSGSEND = YES;
				GCC_C_LANGUAGE_STANDARD = gnu11;
				GCC_NO_COMMON_BLOCKS = YES;
				GCC_WARN_64_TO_32_BIT_CONVERSION = YES;
				GCC_WARN_ABOUT_RETURN_TYPE = YES_ERROR;
				GCC_WARN_UNDECLARED_SELECTOR = YES;
				GCC_WARN_UNINITIALIZED_AUTOS = YES_AGGRESSIVE;
				GCC_WARN_UNUSED_FUNCTION = YES;
				GCC_WARN_UNUSED_VARIABLE = YES;
				IPHONEOS_DEPLOYMENT_TARGET = 11.0;
				MTL_ENABLE_DEBUG_INFO = NO;
				SDKROOT = iphoneos;
				SWIFT_OPTIMIZATION_LEVEL = "-Owholemodule";
				VALIDATE_PRODUCT = YES;
			};
			name = Release;
		};
		88CA14E21F4D130C005BBAD0 /* Debug */ = {
			isa = XCBuildConfiguration;
			buildSettings = {
				ASSETCATALOG_COMPILER_APPICON_NAME = AppIcon;
				DEVELOPMENT_TEAM = B8M27SENA8;
				INFOPLIST_FILE = "Code-Swag/Info.plist";
				LD_RUNPATH_SEARCH_PATHS = "$(inherited) @executable_path/Frameworks";
				PRODUCT_BUNDLE_IDENTIFIER = "turcXApps.Code-Swag";
				PRODUCT_NAME = "$(TARGET_NAME)";
				SWIFT_VERSION = 4.0;
				TARGETED_DEVICE_FAMILY = "1,2";
			};
			name = Debug;
		};
		88CA14E31F4D130C005BBAD0 /* Release */ = {
			isa = XCBuildConfiguration;
			buildSettings = {
				ASSETCATALOG_COMPILER_APPICON_NAME = AppIcon;
				DEVELOPMENT_TEAM = B8M27SENA8;
				INFOPLIST_FILE = "Code-Swag/Info.plist";
				LD_RUNPATH_SEARCH_PATHS = "$(inherited) @executable_path/Frameworks";
				PRODUCT_BUNDLE_IDENTIFIER = "turcXApps.Code-Swag";
				PRODUCT_NAME = "$(TARGET_NAME)";
				SWIFT_VERSION = 4.0;
				TARGETED_DEVICE_FAMILY = "1,2";
			};
			name = Release;
		};
/* End XCBuildConfiguration section */

/* Begin XCConfigurationList section */
		88CA14CA1F4D130C005BBAD0 /* Build configuration list for PBXProject "Code-Swag" */ = {
			isa = XCConfigurationList;
			buildConfigurations = (
				88CA14DF1F4D130C005BBAD0 /* Debug */,
				88CA14E01F4D130C005BBAD0 /* Release */,
			);
			defaultConfigurationIsVisible = 0;
			defaultConfigurationName = Release;
		};
		88CA14E11F4D130C005BBAD0 /* Build configuration list for PBXNativeTarget "Code-Swag" */ = {
			isa = XCConfigurationList;
			buildConfigurations = (
				88CA14E21F4D130C005BBAD0 /* Debug */,
				88CA14E31F4D130C005BBAD0 /* Release */,
			);
			defaultConfigurationIsVisible = 0;
			defaultConfigurationName = Release;
		};
/* End XCConfigurationList section */
	};
	rootObject = 88CA14C71F4D130C005BBAD0 /* Project object */;
}
